// !$*UTF8*$!
{
	archiveVersion = 1;
	classes = {
	};
	objectVersion = 50;
	objects = {

/* Begin PBXBuildFile section */
		414C721621F2A9E800C8687F /* ActionListTableViewController.swift in Sources */ = {isa = PBXBuildFile; fileRef = 414C721521F2A9E800C8687F /* ActionListTableViewController.swift */; };
		414C721A21F2B6E500C8687F /* MyActionsViewController.swift in Sources */ = {isa = PBXBuildFile; fileRef = 414C721921F2B6E500C8687F /* MyActionsViewController.swift */; };
		414C721C21F2BE1F00C8687F /* ActionDetailViewController.swift in Sources */ = {isa = PBXBuildFile; fileRef = 414C721B21F2BE1F00C8687F /* ActionDetailViewController.swift */; };
		414FF5AE21FA2A3300D9DA48 /* ActionPlanDetail.swift in Sources */ = {isa = PBXBuildFile; fileRef = 414FF5AD21FA2A3300D9DA48 /* ActionPlanDetail.swift */; };
		416EFA2A21F8F00D00972AB0 /* ActionTableViewCell.swift in Sources */ = {isa = PBXBuildFile; fileRef = 416EFA2921F8F00C00972AB0 /* ActionTableViewCell.swift */; };
		41749E5821FCF43D00DBCA06 /* SavedData.swift in Sources */ = {isa = PBXBuildFile; fileRef = 41749E5721FCF43D00DBCA06 /* SavedData.swift */; };
		41749E5C21FD167D00DBCA06 /* LocalStorageController.swift in Sources */ = {isa = PBXBuildFile; fileRef = 41749E5B21FD167D00DBCA06 /* LocalStorageController.swift */; };
		4176753B21F3F87500CC4C07 /* SettingsViewController.swift in Sources */ = {isa = PBXBuildFile; fileRef = 4176753A21F3F87500CC4C07 /* SettingsViewController.swift */; };
		41A8BDCC21F67AAF001EB547 /* ActionsAlarmController.swift in Sources */ = {isa = PBXBuildFile; fileRef = 41A8BDCB21F67AAF001EB547 /* ActionsAlarmController.swift */; };
		41A8BDCE21F67B40001EB547 /* Alarm.swift in Sources */ = {isa = PBXBuildFile; fileRef = 41A8BDCD21F67B40001EB547 /* Alarm.swift */; };
		41D89A7121EE8B9F00CFF725 /* AppDelegate.swift in Sources */ = {isa = PBXBuildFile; fileRef = 41D89A7021EE8B9F00CFF725 /* AppDelegate.swift */; };
		41D89A7B21EE8BB700CFF725 /* LaunchScreen.storyboard in Resources */ = {isa = PBXBuildFile; fileRef = 41D89A7921EE8BB700CFF725 /* LaunchScreen.storyboard */; };
		41E57C4F21FF8492008BE01D /* GreenCalculatorController.swift in Sources */ = {isa = PBXBuildFile; fileRef = 41E57C4E21FF8488008BE01D /* GreenCalculatorController.swift */; };
		41E57C5121FF9E0C008BE01D /* SavedActions.swift in Sources */ = {isa = PBXBuildFile; fileRef = 41E57C5021FF9E0C008BE01D /* SavedActions.swift */; };
		7E3A5B7821FCF67A00BB4F16 /* PageOneViewController.storyboard in Resources */ = {isa = PBXBuildFile; fileRef = 7E3A5B7721FCF67A00BB4F16 /* PageOneViewController.storyboard */; };
		7E3A5B8321FD068C00BB4F16 /* Assets.xcassets in Resources */ = {isa = PBXBuildFile; fileRef = 7E3A5B8221FD068C00BB4F16 /* Assets.xcassets */; };
		7E3A5B8721FD230600BB4F16 /* CitationViewController.swift in Sources */ = {isa = PBXBuildFile; fileRef = 7E3A5B8621FD230600BB4F16 /* CitationViewController.swift */; };
		7E3A5B8B21FD298200BB4F16 /* Colors.swift in Sources */ = {isa = PBXBuildFile; fileRef = 7E3A5B8A21FD298200BB4F16 /* Colors.swift */; };
		7E3A5B8D21FD2B8A00BB4F16 /* ThemeColors.xcassets in Resources */ = {isa = PBXBuildFile; fileRef = 7E3A5B8C21FD2B8A00BB4F16 /* ThemeColors.xcassets */; };
		7E6CC7F421FB6BFB006C0E4A /* Settings.storyboard in Resources */ = {isa = PBXBuildFile; fileRef = 7E6CC7F321FB6BFB006C0E4A /* Settings.storyboard */; };
		7E6CC7F821FB770D006C0E4A /* Tabs.storyboard in Resources */ = {isa = PBXBuildFile; fileRef = 7E6CC7F721FB770D006C0E4A /* Tabs.storyboard */; };
		7E6CC7FA21FB7A50006C0E4A /* USAverage.storyboard in Resources */ = {isa = PBXBuildFile; fileRef = 7E6CC7F921FB7A50006C0E4A /* USAverage.storyboard */; };
		7E6CC7FC21FB7A5F006C0E4A /* UserResult.storyboard in Resources */ = {isa = PBXBuildFile; fileRef = 7E6CC7FB21FB7A5F006C0E4A /* UserResult.storyboard */; };
		7E6CC7FE21FB7C8D006C0E4A /* Quiz.storyboard in Resources */ = {isa = PBXBuildFile; fileRef = 7E6CC7FD21FB7C8D006C0E4A /* Quiz.storyboard */; };
		7E6CC80021FB8D51006C0E4A /* FootPrintViewController.swift in Sources */ = {isa = PBXBuildFile; fileRef = 7E6CC7FF21FB8D51006C0E4A /* FootPrintViewController.swift */; };
		7E6CC80221FBB6E6006C0E4A /* TabBarControllor.swift in Sources */ = {isa = PBXBuildFile; fileRef = 7E6CC80121FBB6E6006C0E4A /* TabBarControllor.swift */; };
		7E92676721F23B8000A5B396 /* QuizTableViewCell.swift in Sources */ = {isa = PBXBuildFile; fileRef = 7E92676621F23B8000A5B396 /* QuizTableViewCell.swift */; };
		7E94754F21F7E7710070F111 /* UserResultsViewController.swift in Sources */ = {isa = PBXBuildFile; fileRef = 7E94754E21F7E7710070F111 /* UserResultsViewController.swift */; };
		7ECE818721F0F71B00F2F9DA /* ActionPlan.swift in Sources */ = {isa = PBXBuildFile; fileRef = 7ECE818621F0F71B00F2F9DA /* ActionPlan.swift */; };
		7ECE818E21F120D600F2F9DA /* Food.swift in Sources */ = {isa = PBXBuildFile; fileRef = 7ECE818D21F120D600F2F9DA /* Food.swift */; };
		7ECE819021F120F100F2F9DA /* Travel.swift in Sources */ = {isa = PBXBuildFile; fileRef = 7ECE818F21F120F000F2F9DA /* Travel.swift */; };
		7ECE819221F120FD00F2F9DA /* House.swift in Sources */ = {isa = PBXBuildFile; fileRef = 7ECE819121F120FD00F2F9DA /* House.swift */; };
		7ECE819B21F1234F00F2F9DA /* ActionPlanController.swift in Sources */ = {isa = PBXBuildFile; fileRef = 7ECE819A21F1234F00F2F9DA /* ActionPlanController.swift */; };
		7ECE819F21F136CD00F2F9DA /* QuizViewController.swift in Sources */ = {isa = PBXBuildFile; fileRef = 7ECE819E21F136CD00F2F9DA /* QuizViewController.swift */; };
		7ECE81A421F14D3B00F2F9DA /* Question.swift in Sources */ = {isa = PBXBuildFile; fileRef = 7ECE81A321F14D3B00F2F9DA /* Question.swift */; };
		9BEA98FE29B9D420841BD395 /* Pods_Conscious.framework in Frameworks */ = {isa = PBXBuildFile; fileRef = AEC5010AE7FC9AC10C85DB44 /* Pods_Conscious.framework */; };
/* End PBXBuildFile section */

/* Begin PBXFileReference section */
		414C721521F2A9E800C8687F /* ActionListTableViewController.swift */ = {isa = PBXFileReference; lastKnownFileType = sourcecode.swift; path = ActionListTableViewController.swift; sourceTree = "<group>"; };
		414C721921F2B6E500C8687F /* MyActionsViewController.swift */ = {isa = PBXFileReference; lastKnownFileType = sourcecode.swift; path = MyActionsViewController.swift; sourceTree = "<group>"; };
		414C721B21F2BE1F00C8687F /* ActionDetailViewController.swift */ = {isa = PBXFileReference; lastKnownFileType = sourcecode.swift; path = ActionDetailViewController.swift; sourceTree = "<group>"; };
		414FF5AD21FA2A3300D9DA48 /* ActionPlanDetail.swift */ = {isa = PBXFileReference; lastKnownFileType = sourcecode.swift; path = ActionPlanDetail.swift; sourceTree = "<group>"; };
		416EFA2921F8F00C00972AB0 /* ActionTableViewCell.swift */ = {isa = PBXFileReference; lastKnownFileType = sourcecode.swift; path = ActionTableViewCell.swift; sourceTree = "<group>"; };
		41749E5721FCF43D00DBCA06 /* SavedData.swift */ = {isa = PBXFileReference; lastKnownFileType = sourcecode.swift; path = SavedData.swift; sourceTree = "<group>"; };
		41749E5B21FD167D00DBCA06 /* LocalStorageController.swift */ = {isa = PBXFileReference; lastKnownFileType = sourcecode.swift; path = LocalStorageController.swift; sourceTree = "<group>"; };
		4176753A21F3F87500CC4C07 /* SettingsViewController.swift */ = {isa = PBXFileReference; lastKnownFileType = sourcecode.swift; path = SettingsViewController.swift; sourceTree = "<group>"; };
		41A8BDCB21F67AAF001EB547 /* ActionsAlarmController.swift */ = {isa = PBXFileReference; lastKnownFileType = sourcecode.swift; path = ActionsAlarmController.swift; sourceTree = "<group>"; };
		41A8BDCD21F67B40001EB547 /* Alarm.swift */ = {isa = PBXFileReference; lastKnownFileType = sourcecode.swift; path = Alarm.swift; sourceTree = "<group>"; };
		41D89A6D21EE8B9F00CFF725 /* Conscious.app */ = {isa = PBXFileReference; explicitFileType = wrapper.application; includeInIndex = 0; path = Conscious.app; sourceTree = BUILT_PRODUCTS_DIR; };
		41D89A7021EE8B9F00CFF725 /* AppDelegate.swift */ = {isa = PBXFileReference; lastKnownFileType = sourcecode.swift; path = AppDelegate.swift; sourceTree = "<group>"; };
		41D89A7A21EE8BB700CFF725 /* Base */ = {isa = PBXFileReference; lastKnownFileType = file.storyboard; name = Base; path = Base.lproj/LaunchScreen.storyboard; sourceTree = "<group>"; };
		41D89A7C21EE8BB700CFF725 /* Info.plist */ = {isa = PBXFileReference; lastKnownFileType = text.plist.xml; path = Info.plist; sourceTree = "<group>"; };
		41E57C4E21FF8488008BE01D /* GreenCalculatorController.swift */ = {isa = PBXFileReference; fileEncoding = 4; lastKnownFileType = sourcecode.swift; name = GreenCalculatorController.swift; path = Conscious/Views/GreenCalculatorController.swift; sourceTree = SOURCE_ROOT; };
		41E57C5021FF9E0C008BE01D /* SavedActions.swift */ = {isa = PBXFileReference; lastKnownFileType = sourcecode.swift; path = SavedActions.swift; sourceTree = "<group>"; };
		7E3A5B7721FCF67A00BB4F16 /* PageOneViewController.storyboard */ = {isa = PBXFileReference; lastKnownFileType = file.storyboard; path = PageOneViewController.storyboard; sourceTree = "<group>"; };
		7E3A5B8221FD068C00BB4F16 /* Assets.xcassets */ = {isa = PBXFileReference; lastKnownFileType = folder.assetcatalog; path = Assets.xcassets; sourceTree = "<group>"; };
		7E3A5B8621FD230600BB4F16 /* CitationViewController.swift */ = {isa = PBXFileReference; lastKnownFileType = sourcecode.swift; path = CitationViewController.swift; sourceTree = "<group>"; };
		7E3A5B8A21FD298200BB4F16 /* Colors.swift */ = {isa = PBXFileReference; lastKnownFileType = sourcecode.swift; path = Colors.swift; sourceTree = "<group>"; };
		7E3A5B8C21FD2B8A00BB4F16 /* ThemeColors.xcassets */ = {isa = PBXFileReference; lastKnownFileType = folder.assetcatalog; path = ThemeColors.xcassets; sourceTree = "<group>"; };
		7E6CC7F321FB6BFB006C0E4A /* Settings.storyboard */ = {isa = PBXFileReference; lastKnownFileType = file.storyboard; path = Settings.storyboard; sourceTree = "<group>"; };
		7E6CC7F721FB770D006C0E4A /* Tabs.storyboard */ = {isa = PBXFileReference; lastKnownFileType = file.storyboard; path = Tabs.storyboard; sourceTree = "<group>"; };
		7E6CC7F921FB7A50006C0E4A /* USAverage.storyboard */ = {isa = PBXFileReference; lastKnownFileType = file.storyboard; path = USAverage.storyboard; sourceTree = "<group>"; };
		7E6CC7FB21FB7A5F006C0E4A /* UserResult.storyboard */ = {isa = PBXFileReference; lastKnownFileType = file.storyboard; path = UserResult.storyboard; sourceTree = "<group>"; };
		7E6CC7FD21FB7C8D006C0E4A /* Quiz.storyboard */ = {isa = PBXFileReference; lastKnownFileType = file.storyboard; path = Quiz.storyboard; sourceTree = "<group>"; };
		7E6CC7FF21FB8D51006C0E4A /* FootPrintViewController.swift */ = {isa = PBXFileReference; lastKnownFileType = sourcecode.swift; path = FootPrintViewController.swift; sourceTree = "<group>"; };
		7E6CC80121FBB6E6006C0E4A /* TabBarControllor.swift */ = {isa = PBXFileReference; lastKnownFileType = sourcecode.swift; path = TabBarControllor.swift; sourceTree = "<group>"; };
		7E92676621F23B8000A5B396 /* QuizTableViewCell.swift */ = {isa = PBXFileReference; lastKnownFileType = sourcecode.swift; path = QuizTableViewCell.swift; sourceTree = "<group>"; };
		7E94754E21F7E7710070F111 /* UserResultsViewController.swift */ = {isa = PBXFileReference; lastKnownFileType = sourcecode.swift; path = UserResultsViewController.swift; sourceTree = "<group>"; };
		7ECE818621F0F71B00F2F9DA /* ActionPlan.swift */ = {isa = PBXFileReference; lastKnownFileType = sourcecode.swift; path = ActionPlan.swift; sourceTree = "<group>"; };
		7ECE818D21F120D600F2F9DA /* Food.swift */ = {isa = PBXFileReference; lastKnownFileType = sourcecode.swift; path = Food.swift; sourceTree = "<group>"; };
		7ECE818F21F120F000F2F9DA /* Travel.swift */ = {isa = PBXFileReference; lastKnownFileType = sourcecode.swift; path = Travel.swift; sourceTree = "<group>"; };
		7ECE819121F120FD00F2F9DA /* House.swift */ = {isa = PBXFileReference; lastKnownFileType = sourcecode.swift; path = House.swift; sourceTree = "<group>"; };
		7ECE819A21F1234F00F2F9DA /* ActionPlanController.swift */ = {isa = PBXFileReference; lastKnownFileType = sourcecode.swift; path = ActionPlanController.swift; sourceTree = "<group>"; };
		7ECE819E21F136CD00F2F9DA /* QuizViewController.swift */ = {isa = PBXFileReference; lastKnownFileType = sourcecode.swift; path = QuizViewController.swift; sourceTree = "<group>"; };
		7ECE81A321F14D3B00F2F9DA /* Question.swift */ = {isa = PBXFileReference; lastKnownFileType = sourcecode.swift; path = Question.swift; sourceTree = "<group>"; };
		AEC5010AE7FC9AC10C85DB44 /* Pods_Conscious.framework */ = {isa = PBXFileReference; explicitFileType = wrapper.framework; includeInIndex = 0; path = Pods_Conscious.framework; sourceTree = BUILT_PRODUCTS_DIR; };
		DC33AD44D62447E777BA75D6 /* Pods-Conscious.release.xcconfig */ = {isa = PBXFileReference; includeInIndex = 1; lastKnownFileType = text.xcconfig; name = "Pods-Conscious.release.xcconfig"; path = "Pods/Target Support Files/Pods-Conscious/Pods-Conscious.release.xcconfig"; sourceTree = "<group>"; };
		FF566A7DBB361551DA265DE9 /* Pods-Conscious.debug.xcconfig */ = {isa = PBXFileReference; includeInIndex = 1; lastKnownFileType = text.xcconfig; name = "Pods-Conscious.debug.xcconfig"; path = "Pods/Target Support Files/Pods-Conscious/Pods-Conscious.debug.xcconfig"; sourceTree = "<group>"; };
/* End PBXFileReference section */

/* Begin PBXFrameworksBuildPhase section */
		41D89A6A21EE8B9E00CFF725 /* Frameworks */ = {
			isa = PBXFrameworksBuildPhase;
			buildActionMask = 2147483647;
			files = (
				9BEA98FE29B9D420841BD395 /* Pods_Conscious.framework in Frameworks */,
			);
			runOnlyForDeploymentPostprocessing = 0;
		};
/* End PBXFrameworksBuildPhase section */

/* Begin PBXGroup section */
		4152896C21F13BE10028E573 /* Storyboards */ = {
			isa = PBXGroup;
			children = (
				7E6CC7F921FB7A50006C0E4A /* USAverage.storyboard */,
				7E6CC7FD21FB7C8D006C0E4A /* Quiz.storyboard */,
				7E6CC7FB21FB7A5F006C0E4A /* UserResult.storyboard */,
				7E6CC7F721FB770D006C0E4A /* Tabs.storyboard */,
				7E6CC7F321FB6BFB006C0E4A /* Settings.storyboard */,
				41D89A7921EE8BB700CFF725 /* LaunchScreen.storyboard */,
			);
			path = Storyboards;
			sourceTree = "<group>";
		};
		41D89A6421EE8B9E00CFF725 = {
			isa = PBXGroup;
			children = (
				41D89A6F21EE8B9F00CFF725 /* Conscious */,
				41D89A6E21EE8B9F00CFF725 /* Products */,
				5652E499172779391B7CCC7E /* Pods */,
				AAC744A3B37E9A02DE69C56A /* Frameworks */,
			);
			sourceTree = "<group>";
		};
		41D89A6E21EE8B9F00CFF725 /* Products */ = {
			isa = PBXGroup;
			children = (
				41D89A6D21EE8B9F00CFF725 /* Conscious.app */,
			);
			name = Products;
			sourceTree = "<group>";
		};
		41D89A6F21EE8B9F00CFF725 /* Conscious */ = {
			isa = PBXGroup;
			children = (
				7ECE81A521F1501D00F2F9DA /* Onboarding */,
				4152896C21F13BE10028E573 /* Storyboards */,
				41D89A8521EE8BEF00CFF725 /* Models */,
				7ECE819321F122BD00F2F9DA /* ModelControllers */,
				7ECE818821F1096400F2F9DA /* ViewControllers */,
				7ECE81A021F13F2F00F2F9DA /* Views */,
				41D89A8221EE8BDE00CFF725 /* Resorces */,
			);
			path = Conscious;
			sourceTree = "<group>";
		};
		41D89A8221EE8BDE00CFF725 /* Resorces */ = {
			isa = PBXGroup;
			children = (
				7E3A5B8C21FD2B8A00BB4F16 /* ThemeColors.xcassets */,
				7E3A5B8221FD068C00BB4F16 /* Assets.xcassets */,
				41D89A7021EE8B9F00CFF725 /* AppDelegate.swift */,
				41D89A7C21EE8BB700CFF725 /* Info.plist */,
			);
			path = Resorces;
			sourceTree = "<group>";
		};
		41D89A8521EE8BEF00CFF725 /* Models */ = {
			isa = PBXGroup;
			children = (
				7ECE81A321F14D3B00F2F9DA /* Question.swift */,
				7ECE818D21F120D600F2F9DA /* Food.swift */,
				7ECE819121F120FD00F2F9DA /* House.swift */,
				7ECE818F21F120F000F2F9DA /* Travel.swift */,
				7ECE818621F0F71B00F2F9DA /* ActionPlan.swift */,
				41A8BDCD21F67B40001EB547 /* Alarm.swift */,
				414FF5AD21FA2A3300D9DA48 /* ActionPlanDetail.swift */,
				41749E5721FCF43D00DBCA06 /* SavedData.swift */,
				41E57C5021FF9E0C008BE01D /* SavedActions.swift */,
				7E3A5B8A21FD298200BB4F16 /* Colors.swift */,
			);
			path = Models;
			sourceTree = "<group>";
		};
		5652E499172779391B7CCC7E /* Pods */ = {
			isa = PBXGroup;
			children = (
				FF566A7DBB361551DA265DE9 /* Pods-Conscious.debug.xcconfig */,
				DC33AD44D62447E777BA75D6 /* Pods-Conscious.release.xcconfig */,
			);
			name = Pods;
			sourceTree = "<group>";
		};
		7ECE818821F1096400F2F9DA /* ViewControllers */ = {
			isa = PBXGroup;
			children = (
				7E3A5B8621FD230600BB4F16 /* CitationViewController.swift */,
				7E6CC80121FBB6E6006C0E4A /* TabBarControllor.swift */,
				7E6CC7FF21FB8D51006C0E4A /* FootPrintViewController.swift */,
				416EFA2921F8F00C00972AB0 /* ActionTableViewCell.swift */,
				4176753A21F3F87500CC4C07 /* SettingsViewController.swift */,
				414C721921F2B6E500C8687F /* MyActionsViewController.swift */,
				7ECE819E21F136CD00F2F9DA /* QuizViewController.swift */,
				7E94754E21F7E7710070F111 /* UserResultsViewController.swift */,
				414C721521F2A9E800C8687F /* ActionListTableViewController.swift */,
				414C721B21F2BE1F00C8687F /* ActionDetailViewController.swift */,
			);
			path = ViewControllers;
			sourceTree = "<group>";
		};
		7ECE819321F122BD00F2F9DA /* ModelControllers */ = {
			isa = PBXGroup;
			children = (
				41E57C4E21FF8488008BE01D /* GreenCalculatorController.swift */,
				7ECE819A21F1234F00F2F9DA /* ActionPlanController.swift */,
				41A8BDCB21F67AAF001EB547 /* ActionsAlarmController.swift */,
				41749E5B21FD167D00DBCA06 /* LocalStorageController.swift */,
			);
			path = ModelControllers;
			sourceTree = "<group>";
		};
		7ECE81A021F13F2F00F2F9DA /* Views */ = {
			isa = PBXGroup;
			children = (
				7E92676621F23B8000A5B396 /* QuizTableViewCell.swift */,
			);
			path = Views;
			sourceTree = "<group>";
		};
		7ECE81A521F1501D00F2F9DA /* Onboarding */ = {
			isa = PBXGroup;
			children = (
				7E3A5B7721FCF67A00BB4F16 /* PageOneViewController.storyboard */,
			);
			path = Onboarding;
			sourceTree = "<group>";
		};
		AAC744A3B37E9A02DE69C56A /* Frameworks */ = {
			isa = PBXGroup;
			children = (
				AEC5010AE7FC9AC10C85DB44 /* Pods_Conscious.framework */,
			);
			name = Frameworks;
			sourceTree = "<group>";
		};
/* End PBXGroup section */

/* Begin PBXNativeTarget section */
		41D89A6C21EE8B9E00CFF725 /* Conscious */ = {
			isa = PBXNativeTarget;
			buildConfigurationList = 41D89A7F21EE8BB700CFF725 /* Build configuration list for PBXNativeTarget "Conscious" */;
			buildPhases = (
				8B37AD578448C42384C570AF /* [CP] Check Pods Manifest.lock */,
				41D89A6921EE8B9E00CFF725 /* Sources */,
				41D89A6A21EE8B9E00CFF725 /* Frameworks */,
				41D89A6B21EE8B9E00CFF725 /* Resources */,
				1DF7E1559141419A02A837C7 /* [CP] Embed Pods Frameworks */,
			);
			buildRules = (
			);
			dependencies = (
			);
			name = Conscious;
			productName = Conscious;
			productReference = 41D89A6D21EE8B9F00CFF725 /* Conscious.app */;
			productType = "com.apple.product-type.application";
		};
/* End PBXNativeTarget section */

/* Begin PBXProject section */
		41D89A6521EE8B9E00CFF725 /* Project object */ = {
			isa = PBXProject;
			attributes = {
				LastSwiftUpdateCheck = 1010;
				LastUpgradeCheck = 1010;
				ORGANIZATIONNAME = "Thomas Cowern New";
				TargetAttributes = {
					41D89A6C21EE8B9E00CFF725 = {
						CreatedOnToolsVersion = 10.1;
					};
				};
			};
			buildConfigurationList = 41D89A6821EE8B9E00CFF725 /* Build configuration list for PBXProject "Conscious" */;
			compatibilityVersion = "Xcode 9.3";
			developmentRegion = en;
			hasScannedForEncodings = 0;
			knownRegions = (
				en,
				Base,
			);
			mainGroup = 41D89A6421EE8B9E00CFF725;
			productRefGroup = 41D89A6E21EE8B9F00CFF725 /* Products */;
			projectDirPath = "";
			projectRoot = "";
			targets = (
				41D89A6C21EE8B9E00CFF725 /* Conscious */,
			);
		};
/* End PBXProject section */

/* Begin PBXResourcesBuildPhase section */
		41D89A6B21EE8B9E00CFF725 /* Resources */ = {
			isa = PBXResourcesBuildPhase;
			buildActionMask = 2147483647;
			files = (
				41D89A7B21EE8BB700CFF725 /* LaunchScreen.storyboard in Resources */,
				7E6CC7FC21FB7A5F006C0E4A /* UserResult.storyboard in Resources */,
				7E6CC7FA21FB7A50006C0E4A /* USAverage.storyboard in Resources */,
				7E3A5B8D21FD2B8A00BB4F16 /* ThemeColors.xcassets in Resources */,
				7E3A5B7821FCF67A00BB4F16 /* PageOneViewController.storyboard in Resources */,
				7E6CC7F821FB770D006C0E4A /* Tabs.storyboard in Resources */,
				7E6CC7F421FB6BFB006C0E4A /* Settings.storyboard in Resources */,
				7E3A5B8321FD068C00BB4F16 /* Assets.xcassets in Resources */,
				7E6CC7FE21FB7C8D006C0E4A /* Quiz.storyboard in Resources */,
			);
			runOnlyForDeploymentPostprocessing = 0;
		};
/* End PBXResourcesBuildPhase section */

/* Begin PBXShellScriptBuildPhase section */
		1DF7E1559141419A02A837C7 /* [CP] Embed Pods Frameworks */ = {
			isa = PBXShellScriptBuildPhase;
			buildActionMask = 2147483647;
			files = (
			);
			inputFileListPaths = (
			);
			inputPaths = (
				"${SRCROOT}/Pods/Target Support Files/Pods-Conscious/Pods-Conscious-frameworks.sh",
				"${BUILT_PRODUCTS_DIR}/Charts/Charts.framework",
			);
			name = "[CP] Embed Pods Frameworks";
			outputFileListPaths = (
			);
			outputPaths = (
				"${TARGET_BUILD_DIR}/${FRAMEWORKS_FOLDER_PATH}/Charts.framework",
			);
			runOnlyForDeploymentPostprocessing = 0;
			shellPath = /bin/sh;
			shellScript = "\"${SRCROOT}/Pods/Target Support Files/Pods-Conscious/Pods-Conscious-frameworks.sh\"\n";
			showEnvVarsInLog = 0;
		};
		8B37AD578448C42384C570AF /* [CP] Check Pods Manifest.lock */ = {
			isa = PBXShellScriptBuildPhase;
			buildActionMask = 2147483647;
			files = (
			);
			inputFileListPaths = (
			);
			inputPaths = (
				"${PODS_PODFILE_DIR_PATH}/Podfile.lock",
				"${PODS_ROOT}/Manifest.lock",
			);
			name = "[CP] Check Pods Manifest.lock";
			outputFileListPaths = (
			);
			outputPaths = (
				"$(DERIVED_FILE_DIR)/Pods-Conscious-checkManifestLockResult.txt",
			);
			runOnlyForDeploymentPostprocessing = 0;
			shellPath = /bin/sh;
			shellScript = "diff \"${PODS_PODFILE_DIR_PATH}/Podfile.lock\" \"${PODS_ROOT}/Manifest.lock\" > /dev/null\nif [ $? != 0 ] ; then\n    # print error to STDERR\n    echo \"error: The sandbox is not in sync with the Podfile.lock. Run 'pod install' or update your CocoaPods installation.\" >&2\n    exit 1\nfi\n# This output is used by Xcode 'outputs' to avoid re-running this script phase.\necho \"SUCCESS\" > \"${SCRIPT_OUTPUT_FILE_0}\"\n";
			showEnvVarsInLog = 0;
		};
/* End PBXShellScriptBuildPhase section */

/* Begin PBXSourcesBuildPhase section */
		41D89A6921EE8B9E00CFF725 /* Sources */ = {
			isa = PBXSourcesBuildPhase;
			buildActionMask = 2147483647;
			files = (
				7ECE819021F120F100F2F9DA /* Travel.swift in Sources */,
				7E3A5B8721FD230600BB4F16 /* CitationViewController.swift in Sources */,
				7E6CC80021FB8D51006C0E4A /* FootPrintViewController.swift in Sources */,
				41E57C4F21FF8492008BE01D /* GreenCalculatorController.swift in Sources */,
				7E94754F21F7E7710070F111 /* UserResultsViewController.swift in Sources */,
				7ECE819B21F1234F00F2F9DA /* ActionPlanController.swift in Sources */,
				7E3A5B8B21FD298200BB4F16 /* Colors.swift in Sources */,
				41E57C5121FF9E0C008BE01D /* SavedActions.swift in Sources */,
				7ECE819221F120FD00F2F9DA /* House.swift in Sources */,
				414C721C21F2BE1F00C8687F /* ActionDetailViewController.swift in Sources */,
				416EFA2A21F8F00D00972AB0 /* ActionTableViewCell.swift in Sources */,
				7E6CC80221FBB6E6006C0E4A /* TabBarControllor.swift in Sources */,
				41D89A7121EE8B9F00CFF725 /* AppDelegate.swift in Sources */,
				414FF5AE21FA2A3300D9DA48 /* ActionPlanDetail.swift in Sources */,
				7E92676721F23B8000A5B396 /* QuizTableViewCell.swift in Sources */,
				7ECE819F21F136CD00F2F9DA /* QuizViewController.swift in Sources */,
				41749E5821FCF43D00DBCA06 /* SavedData.swift in Sources */,
				7ECE818721F0F71B00F2F9DA /* ActionPlan.swift in Sources */,
				41A8BDCE21F67B40001EB547 /* Alarm.swift in Sources */,
				4176753B21F3F87500CC4C07 /* SettingsViewController.swift in Sources */,
				41A8BDCC21F67AAF001EB547 /* ActionsAlarmController.swift in Sources */,
				414C721621F2A9E800C8687F /* ActionListTableViewController.swift in Sources */,
				7ECE81A421F14D3B00F2F9DA /* Question.swift in Sources */,
				41749E5C21FD167D00DBCA06 /* LocalStorageController.swift in Sources */,
				414C721A21F2B6E500C8687F /* MyActionsViewController.swift in Sources */,
				7ECE818E21F120D600F2F9DA /* Food.swift in Sources */,
			);
			runOnlyForDeploymentPostprocessing = 0;
		};
/* End PBXSourcesBuildPhase section */

/* Begin PBXVariantGroup section */
		41D89A7921EE8BB700CFF725 /* LaunchScreen.storyboard */ = {
			isa = PBXVariantGroup;
			children = (
				41D89A7A21EE8BB700CFF725 /* Base */,
			);
			name = LaunchScreen.storyboard;
			sourceTree = "<group>";
		};
/* End PBXVariantGroup section */

/* Begin XCBuildConfiguration section */
		41D89A7D21EE8BB700CFF725 /* Debug */ = {
			isa = XCBuildConfiguration;
			buildSettings = {
				ALWAYS_SEARCH_USER_PATHS = NO;
				CLANG_ANALYZER_NONNULL = YES;
				CLANG_ANALYZER_NUMBER_OBJECT_CONVERSION = YES_AGGRESSIVE;
				CLANG_CXX_LANGUAGE_STANDARD = "gnu++14";
				CLANG_CXX_LIBRARY = "libc++";
				CLANG_ENABLE_MODULES = YES;
				CLANG_ENABLE_OBJC_ARC = YES;
				CLANG_ENABLE_OBJC_WEAK = YES;
				CLANG_WARN_BLOCK_CAPTURE_AUTORELEASING = YES;
				CLANG_WARN_BOOL_CONVERSION = YES;
				CLANG_WARN_COMMA = YES;
				CLANG_WARN_CONSTANT_CONVERSION = YES;
				CLANG_WARN_DEPRECATED_OBJC_IMPLEMENTATIONS = YES;
				CLANG_WARN_DIRECT_OBJC_ISA_USAGE = YES_ERROR;
				CLANG_WARN_DOCUMENTATION_COMMENTS = YES;
				CLANG_WARN_EMPTY_BODY = YES;
				CLANG_WARN_ENUM_CONVERSION = YES;
				CLANG_WARN_INFINITE_RECURSION = YES;
				CLANG_WARN_INT_CONVERSION = YES;
				CLANG_WARN_NON_LITERAL_NULL_CONVERSION = YES;
				CLANG_WARN_OBJC_IMPLICIT_RETAIN_SELF = YES;
				CLANG_WARN_OBJC_LITERAL_CONVERSION = YES;
				CLANG_WARN_OBJC_ROOT_CLASS = YES_ERROR;
				CLANG_WARN_RANGE_LOOP_ANALYSIS = YES;
				CLANG_WARN_STRICT_PROTOTYPES = YES;
				CLANG_WARN_SUSPICIOUS_MOVE = YES;
				CLANG_WARN_UNGUARDED_AVAILABILITY = YES_AGGRESSIVE;
				CLANG_WARN_UNREACHABLE_CODE = YES;
				CLANG_WARN__DUPLICATE_METHOD_MATCH = YES;
				CODE_SIGN_IDENTITY = "iPhone Developer";
				COPY_PHASE_STRIP = NO;
				DEBUG_INFORMATION_FORMAT = dwarf;
				ENABLE_STRICT_OBJC_MSGSEND = YES;
				ENABLE_TESTABILITY = YES;
				GCC_C_LANGUAGE_STANDARD = gnu11;
				GCC_DYNAMIC_NO_PIC = NO;
				GCC_NO_COMMON_BLOCKS = YES;
				GCC_OPTIMIZATION_LEVEL = 0;
				GCC_PREPROCESSOR_DEFINITIONS = (
					"DEBUG=1",
					"$(inherited)",
				);
				GCC_WARN_64_TO_32_BIT_CONVERSION = YES;
				GCC_WARN_ABOUT_RETURN_TYPE = YES_ERROR;
				GCC_WARN_UNDECLARED_SELECTOR = YES;
				GCC_WARN_UNINITIALIZED_AUTOS = YES_AGGRESSIVE;
				GCC_WARN_UNUSED_FUNCTION = YES;
				GCC_WARN_UNUSED_VARIABLE = YES;
				IPHONEOS_DEPLOYMENT_TARGET = 12.1;
				MTL_ENABLE_DEBUG_INFO = INCLUDE_SOURCE;
				MTL_FAST_MATH = YES;
				ONLY_ACTIVE_ARCH = YES;
				SDKROOT = iphoneos;
				SWIFT_ACTIVE_COMPILATION_CONDITIONS = DEBUG;
				SWIFT_OPTIMIZATION_LEVEL = "-Onone";
			};
			name = Debug;
		};
		41D89A7E21EE8BB700CFF725 /* Release */ = {
			isa = XCBuildConfiguration;
			buildSettings = {
				ALWAYS_SEARCH_USER_PATHS = NO;
				CLANG_ANALYZER_NONNULL = YES;
				CLANG_ANALYZER_NUMBER_OBJECT_CONVERSION = YES_AGGRESSIVE;
				CLANG_CXX_LANGUAGE_STANDARD = "gnu++14";
				CLANG_CXX_LIBRARY = "libc++";
				CLANG_ENABLE_MODULES = YES;
				CLANG_ENABLE_OBJC_ARC = YES;
				CLANG_ENABLE_OBJC_WEAK = YES;
				CLANG_WARN_BLOCK_CAPTURE_AUTORELEASING = YES;
				CLANG_WARN_BOOL_CONVERSION = YES;
				CLANG_WARN_COMMA = YES;
				CLANG_WARN_CONSTANT_CONVERSION = YES;
				CLANG_WARN_DEPRECATED_OBJC_IMPLEMENTATIONS = YES;
				CLANG_WARN_DIRECT_OBJC_ISA_USAGE = YES_ERROR;
				CLANG_WARN_DOCUMENTATION_COMMENTS = YES;
				CLANG_WARN_EMPTY_BODY = YES;
				CLANG_WARN_ENUM_CONVERSION = YES;
				CLANG_WARN_INFINITE_RECURSION = YES;
				CLANG_WARN_INT_CONVERSION = YES;
				CLANG_WARN_NON_LITERAL_NULL_CONVERSION = YES;
				CLANG_WARN_OBJC_IMPLICIT_RETAIN_SELF = YES;
				CLANG_WARN_OBJC_LITERAL_CONVERSION = YES;
				CLANG_WARN_OBJC_ROOT_CLASS = YES_ERROR;
				CLANG_WARN_RANGE_LOOP_ANALYSIS = YES;
				CLANG_WARN_STRICT_PROTOTYPES = YES;
				CLANG_WARN_SUSPICIOUS_MOVE = YES;
				CLANG_WARN_UNGUARDED_AVAILABILITY = YES_AGGRESSIVE;
				CLANG_WARN_UNREACHABLE_CODE = YES;
				CLANG_WARN__DUPLICATE_METHOD_MATCH = YES;
				CODE_SIGN_IDENTITY = "iPhone Developer";
				COPY_PHASE_STRIP = NO;
				DEBUG_INFORMATION_FORMAT = "dwarf-with-dsym";
				ENABLE_NS_ASSERTIONS = NO;
				ENABLE_STRICT_OBJC_MSGSEND = YES;
				GCC_C_LANGUAGE_STANDARD = gnu11;
				GCC_NO_COMMON_BLOCKS = YES;
				GCC_WARN_64_TO_32_BIT_CONVERSION = YES;
				GCC_WARN_ABOUT_RETURN_TYPE = YES_ERROR;
				GCC_WARN_UNDECLARED_SELECTOR = YES;
				GCC_WARN_UNINITIALIZED_AUTOS = YES_AGGRESSIVE;
				GCC_WARN_UNUSED_FUNCTION = YES;
				GCC_WARN_UNUSED_VARIABLE = YES;
				IPHONEOS_DEPLOYMENT_TARGET = 12.1;
				MTL_ENABLE_DEBUG_INFO = NO;
				MTL_FAST_MATH = YES;
				SDKROOT = iphoneos;
				SWIFT_COMPILATION_MODE = wholemodule;
				SWIFT_OPTIMIZATION_LEVEL = "-O";
				VALIDATE_PRODUCT = YES;
			};
			name = Release;
		};
		41D89A8021EE8BB700CFF725 /* Debug */ = {
			isa = XCBuildConfiguration;
			baseConfigurationReference = FF566A7DBB361551DA265DE9 /* Pods-Conscious.debug.xcconfig */;
			buildSettings = {
				ASSETCATALOG_COMPILER_APPICON_NAME = AppIcon;
				CODE_SIGN_STYLE = Automatic;
				DEVELOPMENT_TEAM = BZ8P5FXMNA;
				INFOPLIST_FILE = "$(SRCROOT)/Conscious/Resorces/Info.plist";
				IPHONEOS_DEPLOYMENT_TARGET = 12.1;
				LD_RUNPATH_SEARCH_PATHS = (
					"$(inherited)",
					"@executable_path/Frameworks",
				);
				PRODUCT_BUNDLE_IDENTIFIER = com.vetDevHouse.Conscious;
				PRODUCT_NAME = "$(TARGET_NAME)";
				SWIFT_VERSION = 4.2;
				TARGETED_DEVICE_FAMILY = "1,2";
			};
			name = Debug;
		};
		41D89A8121EE8BB700CFF725 /* Release */ = {
			isa = XCBuildConfiguration;
			baseConfigurationReference = DC33AD44D62447E777BA75D6 /* Pods-Conscious.release.xcconfig */;
			buildSettings = {
				ASSETCATALOG_COMPILER_APPICON_NAME = AppIcon;
				CODE_SIGN_STYLE = Automatic;
				DEVELOPMENT_TEAM = BZ8P5FXMNA;
				INFOPLIST_FILE = "$(SRCROOT)/Conscious/Resorces/Info.plist";
				IPHONEOS_DEPLOYMENT_TARGET = 12.1;
				LD_RUNPATH_SEARCH_PATHS = (
					"$(inherited)",
					"@executable_path/Frameworks",
				);
				PRODUCT_BUNDLE_IDENTIFIER = com.vetDevHouse.Conscious;
				PRODUCT_NAME = "$(TARGET_NAME)";
				SWIFT_VERSION = 4.2;
				TARGETED_DEVICE_FAMILY = "1,2";
			};
			name = Release;
		};
/* End XCBuildConfiguration section */

/* Begin XCConfigurationList section */
		41D89A6821EE8B9E00CFF725 /* Build configuration list for PBXProject "Conscious" */ = {
			isa = XCConfigurationList;
			buildConfigurations = (
				41D89A7D21EE8BB700CFF725 /* Debug */,
				41D89A7E21EE8BB700CFF725 /* Release */,
			);
			defaultConfigurationIsVisible = 0;
			defaultConfigurationName = Release;
		};
		41D89A7F21EE8BB700CFF725 /* Build configuration list for PBXNativeTarget "Conscious" */ = {
			isa = XCConfigurationList;
			buildConfigurations = (
				41D89A8021EE8BB700CFF725 /* Debug */,
				41D89A8121EE8BB700CFF725 /* Release */,
			);
			defaultConfigurationIsVisible = 0;
			defaultConfigurationName = Release;
		};
/* End XCConfigurationList section */
	};
	rootObject = 41D89A6521EE8B9E00CFF725 /* Project object */;
}
